
Microsoft Visual Studio Solution File, Format Version 12.00
# Visual Studio Version 17
VisualStudioVersion = 17.5.33627.172
MinimumVisualStudioVersion = 10.0.40219.1
Project("{8BC9CEB8-8B4A-11D0-8D11-00A0C91BC942}") = "Quiz", "Quiz.vcxproj", "{6862A88C-F026-41F8-AEB9-26861A47B113}"
EndProject
Global
	GlobalSection(SolutionConfigurationPlatforms) = preSolution
		Debug|x64 = Debug|x64
		Release|x64 = Release|x64
	EndGlobalSection
	GlobalSection(ProjectConfigurationPlatforms) = postSolution
		{6862A88C-F026-41F8-AEB9-26861A47B113}.Debug|x64.ActiveCfg = Debug|x64
		{6862A88C-F026-41F8-AEB9-26861A47B113}.Debug|x64.Build.0 = Debug|x64
		{6862A88C-F026-41F8-AEB9-26861A47B113}.Release|x64.ActiveCfg = Release|x64
		{6862A88C-F026-41F8-AEB9-26861A47B113}.Release|x64.Build.0 = Release|x64
	EndGlobalSection
	GlobalSection(SolutionProperties) = preSolution
		HideSolutionNode = FALSE
	EndGlobalSection
	GlobalSection(ExtensibilityGlobals) = postSolution
		SolutionGuid = {C9AFF91C-F666-4B4A-92FE-8795449BF54F}
	EndGlobalSection
EndGlobal
